
Microsoft Visual Studio Solution File, Format Version 12.00
# Visual Studio Version 16
VisualStudioVersion = 16.0.29613.14
MinimumVisualStudioVersion = 10.0.40219.1
Project("{FAE04EC0-301F-11D3-BF4B-00C04F79EFBC}") = "queue", "ConsoleApp2\queue.csproj", "{995335C4-AC96-44BB-8FE3-475A4EA1DA05}"
EndProject
Global
	GlobalSection(SolutionConfigurationPlatforms) = preSolution
		Debug|Any CPU = Debug|Any CPU
		Release|Any CPU = Release|Any CPU
	EndGlobalSection
	GlobalSection(ProjectConfigurationPlatforms) = postSolution
		{995335C4-AC96-44BB-8FE3-475A4EA1DA05}.Debug|Any CPU.ActiveCfg = Debug|Any CPU
		{995335C4-AC96-44BB-8FE3-475A4EA1DA05}.Debug|Any CPU.Build.0 = Debug|Any CPU
		{995335C4-AC96-44BB-8FE3-475A4EA1DA05}.Release|Any CPU.ActiveCfg = Release|Any CPU
		{995335C4-AC96-44BB-8FE3-475A4EA1DA05}.Release|Any CPU.Build.0 = Release|Any CPU
	EndGlobalSection
	GlobalSection(SolutionProperties) = preSolution
		HideSolutionNode = FALSE
	EndGlobalSection
	GlobalSection(ExtensibilityGlobals) = postSolution
		SolutionGuid = {4BC80501-EA17-45D3-9106-6B16ABF7CA0E}
	EndGlobalSection
EndGlobal
